<?xml version="1.0" encoding="utf-8"?>
<Project ToolsVersion="4.0" xmlns="http://schemas.microsoft.com/developer/msbuild/2003">
  <ItemGroup>
    <Filter Include="Source Files">
      <UniqueIdentifier>{4FC737F1-C7A5-4376-A066-2A32D752A2FF}</UniqueIdentifier>
      <Extensions>cpp;c;cc;cxx;def;odl;idl;hpj;bat;asm;asmx</Extensions>
    </Filter>
    <Filter Include="Header Files">
      <UniqueIdentifier>{93995380-89BD-4b04-88EB-625FBE52EBFB}</UniqueIdentifier>
      <Extensions>h;hh;hpp;hxx;hm;inl;inc;ipp;xsd</Extensions>
    </Filter>
    <Filter Include="Resource Files">
      <UniqueIdentifier>{67DA6AB6-F800-4c08-8B7A-83BB121AAD01}</UniqueIdentifier>
      <Extensions>rc;ico;cur;bmp;dlg;rc2;rct;bin;rgs;gif;jpg;jpeg;jpe;resx;tiff;tif;png;wav;mfcribbon-ms</Extensions>
    </Filter>
  </ItemGroup>
  <ItemGroup>
    <ClCompile Include="ConsoleApplication2.cpp">
      <Filter>Source Files</Filter>
    </ClCompile>
    <ClCompile Include="Task1.cpp">
      <Filter>Source Files</Filter>
    </ClCompile>
    <ClCompile Include="Task2.cpp">
      <Filter>Source Files</Filter>
    </ClCompile>
    <ClCompile Include="Task3.cpp">
      <Filter>Source Files</Filter>
    </ClCompile>
    <ClCompile Include="Task4.cpp">
      <Filter>Source Files</Filter>
    </ClCompile>
    <ClCompile Include="Task5.cpp">
      <Filter>Source Files</Filter>
    </ClCompile>
    <ClCompile Include="Task6.cpp">
      <Filter>Source Files</Filter>
    </ClCompile>
    <ClCompile Include="Task7.cpp">
      <Filter>Source Files</Filter>
    </ClCompile>
    <ClCompile Include="Task8.cpp">
      <Filter>Source Files</Filter>
    </ClCompile>
    <ClCompile Include="Task9.cpp">
      <Filter>Source Files</Filter>
    </ClCompile>
    <ClCompile Include="Task10.cpp">
      <Filter>Source Files</Filter>
    </ClCompile>
    <ClCompile Include="Task11.cpp">
      <Filter>Source Files</Filter>
    </ClCompile>
    <ClCompile Include="Task12.cpp">
      <Filter>Source Files</Filter>
    </ClCompile>
    <ClCompile Include="Task13.cpp">
      <Filter>Source Files</Filter>
    </ClCompile>
    <ClCompile Include="Task14.cpp">
      <Filter>Source Files</Filter>
    </ClCompile>
    <ClCompile Include="Task15.cpp">
      <Filter>Source Files</Filter>
    </ClCompile>
    <ClCompile Include="Task17.cpp">
      <Filter>Source Files</Filter>
    </ClCompile>
    <ClCompile Include="Task16.cpp">
      <Filter>Source Files</Filter>
    </ClCompile>
    <ClCompile Include="Task18.cpp">
      <Filter>Source Files</Filter>
    </ClCompile>
    <ClCompile Include="Task19.cpp">
      <Filter>Source Files</Filter>
    </ClCompile>
    <ClCompile Include="Task20.cpp">
      <Filter>Source Files</Filter>
    </ClCompile>
    <ClCompile Include="Task21.cpp">
      <Filter>Source Files</Filter>
    </ClCompile>
    <ClCompile Include="Task22.cpp">
      <Filter>Source Files</Filter>
    </ClCompile>
    <ClCompile Include="Task23.cpp">
      <Filter>Source Files</Filter>
    </ClCompile>
    <ClCompile Include="Task24.cpp">
      <Filter>Source Files</Filter>
    </ClCompile>
    <ClCompile Include="Task25.cpp">
      <Filter>Source Files</Filter>
    </ClCompile>
    <ClCompile Include="Task26.cpp">
      <Filter>Source Files</Filter>
    </ClCompile>
  </ItemGroup>
  <ItemGroup>
    <ClInclude Include="resource.h">
      <Filter>Header Files</Filter>
    </ClInclude>
    <ClInclude Include="Tasks.h">
      <Filter>Header Files</Filter>
    </ClInclude>
  </ItemGroup>
  <ItemGroup>
    <ResourceCompile Include="ConsoleApplication2.rc">
      <Filter>Resource Files</Filter>
    </ResourceCompile>
  </ItemGroup>
</Project>